
Microsoft Visual Studio Solution File, Format Version 12.00
# Visual Studio Version 17
VisualStudioVersion = 17.2.32630.192
MinimumVisualStudioVersion = 10.0.40219.1
Project("{9A19103F-16F7-4668-BE54-9A1E7A4F7556}") = "Makc2022.Layer6.Sql.WebHttpServer", "Makc2022.Layer6.Sql.WebHttpServer\Makc2022.Layer6.Sql.WebHttpServer.csproj", "{15BE0379-B2CB-4A29-A05B-3EF4081BF4EB}"
EndProject
Project("{2150E333-8FDC-42A3-9474-1A3956D46DE8}") = "Solution Items", "Solution Items", "{A1762641-701A-4994-A9CA-FC6398E24B47}"
	ProjectSection(SolutionItems) = preProject
		.editorconfig = .editorconfig
		.gitignore = .gitignore
	EndProjectSection
EndProject
Project("{9A19103F-16F7-4668-BE54-9A1E7A4F7556}") = "Makc2022.Layer1", "Makc2022.Layer1\Makc2022.Layer1.csproj", "{51864CA8-C01F-4DB1-A304-49264A0C8F02}"
EndProject
Project("{9A19103F-16F7-4668-BE54-9A1E7A4F7556}") = "Makc2022.Layer5.Sql.Server", "Makc2022.Layer5.Sql.Server\Makc2022.Layer5.Sql.Server.csproj", "{BE32CDD8-3670-4C1D-9C13-6209A4A6A0EC}"
EndProject
Project("{9A19103F-16F7-4668-BE54-9A1E7A4F7556}") = "Makc2022.Layer2.Sql", "Makc2022.Layer2.Sql\Makc2022.Layer2.Sql.csproj", "{7CD0151E-CB95-4463-84A8-EB249429C8DD}"
EndProject
Project("{9A19103F-16F7-4668-BE54-9A1E7A4F7556}") = "Makc2022.Layer1.Apps.WebApp", "Makc2022.Layer1.Apps.WebApp\Makc2022.Layer1.Apps.WebApp.csproj", "{90D8A93F-FDBB-4BE9-AFBD-CFA3A75E8213}"
EndProject
Project("{9A19103F-16F7-4668-BE54-9A1E7A4F7556}") = "Makc2022.Layer1.Apps.ConsoleApp", "Makc2022.Layer1.Apps.ConsoleApp\Makc2022.Layer1.Apps.ConsoleApp.csproj", "{74FF9895-A662-400A-B5FF-DEB388E4F638}"
EndProject
Project("{2150E333-8FDC-42A3-9474-1A3956D46DE8}") = "Layer1-Infrastructure", "Layer1-Infrastructure", "{EA9A7F33-9986-462E-81AA-1D900561DF82}"
EndProject
Project("{2150E333-8FDC-42A3-9474-1A3956D46DE8}") = "Layer2-Data", "Layer2-Data", "{51DA2578-B1E2-4616-B28C-469072D45E98}"
EndProject
Project("{2150E333-8FDC-42A3-9474-1A3956D46DE8}") = "Layer3-Data Access", "Layer3-Data Access", "{DB31A8D0-1758-4ECF-8309-30B8E813FDF2}"
EndProject
Project("{2150E333-8FDC-42A3-9474-1A3956D46DE8}") = "Layer4-Domain", "Layer4-Domain", "{86B93C1E-3A6A-45F2-B5E5-603DDB6EEA4A}"
EndProject
Project("{2150E333-8FDC-42A3-9474-1A3956D46DE8}") = "Layer5-Application", "Layer5-Application", "{CB81282C-62BA-4EEC-895F-47167DF866FA}"
EndProject
Project("{2150E333-8FDC-42A3-9474-1A3956D46DE8}") = "Layer6-Presentation", "Layer6-Presentation", "{12EB6762-5BD3-4861-80E3-29C6BF20537A}"
EndProject
Project("{9A19103F-16F7-4668-BE54-9A1E7A4F7556}") = "Makc2022.Layer2.Sql.Clients.PostgreSql", "Makc2022.Layer2.Sql.Clients.PostgreSql\Makc2022.Layer2.Sql.Clients.PostgreSql.csproj", "{E352BF19-A31C-4C62-B6F9-AD7E0298D2D6}"
EndProject
Project("{9A19103F-16F7-4668-BE54-9A1E7A4F7556}") = "Makc2022.Layer2.Sql.Clients.Oracle", "Makc2022.Layer2.Sql.Clients.Oracle\Makc2022.Layer2.Sql.Clients.Oracle.csproj", "{538D2A18-B963-465C-B7AC-4FB71AB77C4A}"
EndProject
Project("{9A19103F-16F7-4668-BE54-9A1E7A4F7556}") = "Makc2022.Layer2.Sql.Clients.SqlServer", "Makc2022.Layer2.Sql.Clients.SqlServer\Makc2022.Layer2.Sql.Clients.SqlServer.csproj", "{ACAF440C-A593-42BD-8E30-3431B6AADBF8}"
EndProject
Project("{9A19103F-16F7-4668-BE54-9A1E7A4F7556}") = "Makc2022.Layer2.Sql.Mappers.EF", "Makc2022.Layer2.Sql.Mappers.EF\Makc2022.Layer2.Sql.Mappers.EF.csproj", "{EF831C94-5B33-433E-AB23-AB72FC4E1CAA}"
EndProject
Project("{9A19103F-16F7-4668-BE54-9A1E7A4F7556}") = "Makc2022.Layer3.Sql.Sample", "Makc2022.Layer3.Sql.Sample\Makc2022.Layer3.Sql.Sample.csproj", "{D83D1463-DC39-4790-A02D-2942D7796859}"
EndProject
Project("{FAE04EC0-301F-11D3-BF4B-00C04F79EFBC}") = "Makc2022.Layer3.Sql.Sample.Clients.SqlServer", "Makc2022.Layer3.Sql.Sample.Clients.SqlServer\Makc2022.Layer3.Sql.Sample.Clients.SqlServer.csproj", "{B45EEA8B-83B4-40D0-9ECE-39265BE7DE22}"
EndProject
Project("{FAE04EC0-301F-11D3-BF4B-00C04F79EFBC}") = "Makc2022.Layer3.Sql.Sample.Mappers.EF", "Makc2022.Layer3.Sql.Sample.Mappers.EF\Makc2022.Layer3.Sql.Sample.Mappers.EF.csproj", "{5D6B11C2-1347-4506-96B6-CD912ACD8876}"
EndProject
Project("{FAE04EC0-301F-11D3-BF4B-00C04F79EFBC}") = "Makc2022.Layer3.Sql.Sample.Clients.SqlServer.EF", "Makc2022.Layer3.Sql.Sample.Clients.SqlServer.EF\Makc2022.Layer3.Sql.Sample.Clients.SqlServer.EF.csproj", "{AF2EB8CB-117C-42BE-B6B2-2E2D22ED460F}"
EndProject
Project("{FAE04EC0-301F-11D3-BF4B-00C04F79EFBC}") = "Makc2022.Layer4.Sql.Domains.DummyMain", "Makc2022.Layer4.Sql.Domains.DummyMain\Makc2022.Layer4.Sql.Domains.DummyMain.csproj", "{15B76739-AF54-4074-8D30-0FEF519E39A6}"
EndProject
Global
	GlobalSection(SolutionConfigurationPlatforms) = preSolution
		Debug|Any CPU = Debug|Any CPU
		Release|Any CPU = Release|Any CPU
	EndGlobalSection
	GlobalSection(ProjectConfigurationPlatforms) = postSolution
		{15BE0379-B2CB-4A29-A05B-3EF4081BF4EB}.Debug|Any CPU.ActiveCfg = Debug|Any CPU
		{15BE0379-B2CB-4A29-A05B-3EF4081BF4EB}.Debug|Any CPU.Build.0 = Debug|Any CPU
		{15BE0379-B2CB-4A29-A05B-3EF4081BF4EB}.Release|Any CPU.ActiveCfg = Release|Any CPU
		{15BE0379-B2CB-4A29-A05B-3EF4081BF4EB}.Release|Any CPU.Build.0 = Release|Any CPU
		{51864CA8-C01F-4DB1-A304-49264A0C8F02}.Debug|Any CPU.ActiveCfg = Debug|Any CPU
		{51864CA8-C01F-4DB1-A304-49264A0C8F02}.Debug|Any CPU.Build.0 = Debug|Any CPU
		{51864CA8-C01F-4DB1-A304-49264A0C8F02}.Release|Any CPU.ActiveCfg = Release|Any CPU
		{51864CA8-C01F-4DB1-A304-49264A0C8F02}.Release|Any CPU.Build.0 = Release|Any CPU
		{BE32CDD8-3670-4C1D-9C13-6209A4A6A0EC}.Debug|Any CPU.ActiveCfg = Debug|Any CPU
		{BE32CDD8-3670-4C1D-9C13-6209A4A6A0EC}.Debug|Any CPU.Build.0 = Debug|Any CPU
		{BE32CDD8-3670-4C1D-9C13-6209A4A6A0EC}.Release|Any CPU.ActiveCfg = Release|Any CPU
		{BE32CDD8-3670-4C1D-9C13-6209A4A6A0EC}.Release|Any CPU.Build.0 = Release|Any CPU
		{7CD0151E-CB95-4463-84A8-EB249429C8DD}.Debug|Any CPU.ActiveCfg = Debug|Any CPU
		{7CD0151E-CB95-4463-84A8-EB249429C8DD}.Debug|Any CPU.Build.0 = Debug|Any CPU
		{7CD0151E-CB95-4463-84A8-EB249429C8DD}.Release|Any CPU.ActiveCfg = Release|Any CPU
		{7CD0151E-CB95-4463-84A8-EB249429C8DD}.Release|Any CPU.Build.0 = Release|Any CPU
		{90D8A93F-FDBB-4BE9-AFBD-CFA3A75E8213}.Debug|Any CPU.ActiveCfg = Debug|Any CPU
		{90D8A93F-FDBB-4BE9-AFBD-CFA3A75E8213}.Debug|Any CPU.Build.0 = Debug|Any CPU
		{90D8A93F-FDBB-4BE9-AFBD-CFA3A75E8213}.Release|Any CPU.ActiveCfg = Release|Any CPU
		{90D8A93F-FDBB-4BE9-AFBD-CFA3A75E8213}.Release|Any CPU.Build.0 = Release|Any CPU
		{74FF9895-A662-400A-B5FF-DEB388E4F638}.Debug|Any CPU.ActiveCfg = Debug|Any CPU
		{74FF9895-A662-400A-B5FF-DEB388E4F638}.Debug|Any CPU.Build.0 = Debug|Any CPU
		{74FF9895-A662-400A-B5FF-DEB388E4F638}.Release|Any CPU.ActiveCfg = Release|Any CPU
		{74FF9895-A662-400A-B5FF-DEB388E4F638}.Release|Any CPU.Build.0 = Release|Any CPU
		{E352BF19-A31C-4C62-B6F9-AD7E0298D2D6}.Debug|Any CPU.ActiveCfg = Debug|Any CPU
		{E352BF19-A31C-4C62-B6F9-AD7E0298D2D6}.Debug|Any CPU.Build.0 = Debug|Any CPU
		{E352BF19-A31C-4C62-B6F9-AD7E0298D2D6}.Release|Any CPU.ActiveCfg = Release|Any CPU
		{E352BF19-A31C-4C62-B6F9-AD7E0298D2D6}.Release|Any CPU.Build.0 = Release|Any CPU
		{538D2A18-B963-465C-B7AC-4FB71AB77C4A}.Debug|Any CPU.ActiveCfg = Debug|Any CPU
		{538D2A18-B963-465C-B7AC-4FB71AB77C4A}.Debug|Any CPU.Build.0 = Debug|Any CPU
		{538D2A18-B963-465C-B7AC-4FB71AB77C4A}.Release|Any CPU.ActiveCfg = Release|Any CPU
		{538D2A18-B963-465C-B7AC-4FB71AB77C4A}.Release|Any CPU.Build.0 = Release|Any CPU
		{ACAF440C-A593-42BD-8E30-3431B6AADBF8}.Debug|Any CPU.ActiveCfg = Debug|Any CPU
		{ACAF440C-A593-42BD-8E30-3431B6AADBF8}.Debug|Any CPU.Build.0 = Debug|Any CPU
		{ACAF440C-A593-42BD-8E30-3431B6AADBF8}.Release|Any CPU.ActiveCfg = Release|Any CPU
		{ACAF440C-A593-42BD-8E30-3431B6AADBF8}.Release|Any CPU.Build.0 = Release|Any CPU
		{EF831C94-5B33-433E-AB23-AB72FC4E1CAA}.Debug|Any CPU.ActiveCfg = Debug|Any CPU
		{EF831C94-5B33-433E-AB23-AB72FC4E1CAA}.Debug|Any CPU.Build.0 = Debug|Any CPU
		{EF831C94-5B33-433E-AB23-AB72FC4E1CAA}.Release|Any CPU.ActiveCfg = Release|Any CPU
		{EF831C94-5B33-433E-AB23-AB72FC4E1CAA}.Release|Any CPU.Build.0 = Release|Any CPU
		{D83D1463-DC39-4790-A02D-2942D7796859}.Debug|Any CPU.ActiveCfg = Debug|Any CPU
		{D83D1463-DC39-4790-A02D-2942D7796859}.Debug|Any CPU.Build.0 = Debug|Any CPU
		{D83D1463-DC39-4790-A02D-2942D7796859}.Release|Any CPU.ActiveCfg = Release|Any CPU
		{D83D1463-DC39-4790-A02D-2942D7796859}.Release|Any CPU.Build.0 = Release|Any CPU
		{B45EEA8B-83B4-40D0-9ECE-39265BE7DE22}.Debug|Any CPU.ActiveCfg = Debug|Any CPU
		{B45EEA8B-83B4-40D0-9ECE-39265BE7DE22}.Debug|Any CPU.Build.0 = Debug|Any CPU
		{B45EEA8B-83B4-40D0-9ECE-39265BE7DE22}.Release|Any CPU.ActiveCfg = Release|Any CPU
		{B45EEA8B-83B4-40D0-9ECE-39265BE7DE22}.Release|Any CPU.Build.0 = Release|Any CPU
		{5D6B11C2-1347-4506-96B6-CD912ACD8876}.Debug|Any CPU.ActiveCfg = Debug|Any CPU
		{5D6B11C2-1347-4506-96B6-CD912ACD8876}.Debug|Any CPU.Build.0 = Debug|Any CPU
		{5D6B11C2-1347-4506-96B6-CD912ACD8876}.Release|Any CPU.ActiveCfg = Release|Any CPU
		{5D6B11C2-1347-4506-96B6-CD912ACD8876}.Release|Any CPU.Build.0 = Release|Any CPU
		{AF2EB8CB-117C-42BE-B6B2-2E2D22ED460F}.Debug|Any CPU.ActiveCfg = Debug|Any CPU
		{AF2EB8CB-117C-42BE-B6B2-2E2D22ED460F}.Debug|Any CPU.Build.0 = Debug|Any CPU
		{AF2EB8CB-117C-42BE-B6B2-2E2D22ED460F}.Release|Any CPU.ActiveCfg = Release|Any CPU
		{AF2EB8CB-117C-42BE-B6B2-2E2D22ED460F}.Release|Any CPU.Build.0 = Release|Any CPU
		{15B76739-AF54-4074-8D30-0FEF519E39A6}.Debug|Any CPU.ActiveCfg = Debug|Any CPU
		{15B76739-AF54-4074-8D30-0FEF519E39A6}.Debug|Any CPU.Build.0 = Debug|Any CPU
		{15B76739-AF54-4074-8D30-0FEF519E39A6}.Release|Any CPU.ActiveCfg = Release|Any CPU
		{15B76739-AF54-4074-8D30-0FEF519E39A6}.Release|Any CPU.Build.0 = Release|Any CPU
	EndGlobalSection
	GlobalSection(SolutionProperties) = preSolution
		HideSolutionNode = FALSE
	EndGlobalSection
	GlobalSection(NestedProjects) = preSolution
		{15BE0379-B2CB-4A29-A05B-3EF4081BF4EB} = {12EB6762-5BD3-4861-80E3-29C6BF20537A}
		{51864CA8-C01F-4DB1-A304-49264A0C8F02} = {EA9A7F33-9986-462E-81AA-1D900561DF82}
		{BE32CDD8-3670-4C1D-9C13-6209A4A6A0EC} = {CB81282C-62BA-4EEC-895F-47167DF866FA}
		{7CD0151E-CB95-4463-84A8-EB249429C8DD} = {51DA2578-B1E2-4616-B28C-469072D45E98}
		{90D8A93F-FDBB-4BE9-AFBD-CFA3A75E8213} = {EA9A7F33-9986-462E-81AA-1D900561DF82}
		{74FF9895-A662-400A-B5FF-DEB388E4F638} = {EA9A7F33-9986-462E-81AA-1D900561DF82}
		{E352BF19-A31C-4C62-B6F9-AD7E0298D2D6} = {51DA2578-B1E2-4616-B28C-469072D45E98}
		{538D2A18-B963-465C-B7AC-4FB71AB77C4A} = {51DA2578-B1E2-4616-B28C-469072D45E98}
		{ACAF440C-A593-42BD-8E30-3431B6AADBF8} = {51DA2578-B1E2-4616-B28C-469072D45E98}
		{EF831C94-5B33-433E-AB23-AB72FC4E1CAA} = {51DA2578-B1E2-4616-B28C-469072D45E98}
		{D83D1463-DC39-4790-A02D-2942D7796859} = {DB31A8D0-1758-4ECF-8309-30B8E813FDF2}
		{B45EEA8B-83B4-40D0-9ECE-39265BE7DE22} = {DB31A8D0-1758-4ECF-8309-30B8E813FDF2}
		{5D6B11C2-1347-4506-96B6-CD912ACD8876} = {DB31A8D0-1758-4ECF-8309-30B8E813FDF2}
		{AF2EB8CB-117C-42BE-B6B2-2E2D22ED460F} = {DB31A8D0-1758-4ECF-8309-30B8E813FDF2}
		{15B76739-AF54-4074-8D30-0FEF519E39A6} = {86B93C1E-3A6A-45F2-B5E5-603DDB6EEA4A}
	EndGlobalSection
	GlobalSection(ExtensibilityGlobals) = postSolution
		SolutionGuid = {3D0EA2B3-12D7-4161-8AB3-62B0025BF3E9}
	EndGlobalSection
EndGlobal
