
Microsoft Visual Studio Solution File, Format Version 12.00
# Visual Studio Version 16
VisualStudioVersion = 16.0.32602.291
MinimumVisualStudioVersion = 10.0.40219.1
Project("{9A19103F-16F7-4668-BE54-9A1E7A4F7556}") = "Makc2022.WebApi", "Makc2022.WebApi\Makc2022.WebApi.csproj", "{15BE0379-B2CB-4A29-A05B-3EF4081BF4EB}"
EndProject
Project("{2150E333-8FDC-42A3-9474-1A3956D46DE8}") = "Solution Items", "Solution Items", "{A1762641-701A-4994-A9CA-FC6398E24B47}"
	ProjectSection(SolutionItems) = preProject
		.gitignore = .gitignore
	EndProjectSection
EndProject
Global
	GlobalSection(SolutionConfigurationPlatforms) = preSolution
		Debug|Any CPU = Debug|Any CPU
		Release|Any CPU = Release|Any CPU
	EndGlobalSection
	GlobalSection(ProjectConfigurationPlatforms) = postSolution
		{15BE0379-B2CB-4A29-A05B-3EF4081BF4EB}.Debug|Any CPU.ActiveCfg = Debug|Any CPU
		{15BE0379-B2CB-4A29-A05B-3EF4081BF4EB}.Debug|Any CPU.Build.0 = Debug|Any CPU
		{15BE0379-B2CB-4A29-A05B-3EF4081BF4EB}.Release|Any CPU.ActiveCfg = Release|Any CPU
		{15BE0379-B2CB-4A29-A05B-3EF4081BF4EB}.Release|Any CPU.Build.0 = Release|Any CPU
	EndGlobalSection
	GlobalSection(SolutionProperties) = preSolution
		HideSolutionNode = FALSE
	EndGlobalSection
	GlobalSection(ExtensibilityGlobals) = postSolution
		SolutionGuid = {3D0EA2B3-12D7-4161-8AB3-62B0025BF3E9}
	EndGlobalSection
EndGlobal
